<?xml version="1.0"?>
<CONFIG>
  <ProjectOptions>
    <PathDelim Value="\"/>
    <Version Value="7"/>
    <General>
      <MainUnit Value="0"/>
      <TargetFileExt Value=".exe"/>
      <Icon Value="0"/>
      <UseXPManifest Value="True"/>
      <ActiveEditorIndexAtStart Value="0"/>
    </General>
    <VersionInfo>
      <ProjectVersion Value=""/>
      <Language Value=""/>
      <CharSet Value=""/>
    </VersionInfo>
    <PublishOptions>
      <Version Value="2"/>
      <IgnoreBinaries Value="False"/>
      <IncludeFileFilter Value="*.(pas|pp|inc|lfm|lpr|lrs|lpi|lpk|sh|xml)"/>
      <ExcludeFileFilter Value="*.(bak|ppu|ppw|o|so);*~;backup"/>
    </PublishOptions>
    <RunParams>
      <local>
        <FormatVersion Value="1"/>
        <LaunchingApplication PathPlusParams="/usr/X11R6/bin/xterm -T 'Lazarus Run Output' -e $(LazarusDir)/tools/runwait.sh $(TargetCmdLine)"/>
      </local>
    </RunParams>
    <RequiredPackages Count="1">
      <Item1>
        <PackageName Value="LCL"/>
      </Item1>
    </RequiredPackages>
    <Units Count="2">
      <Unit0>
        <Filename Value="tga2ptx.lpr"/>
        <IsPartOfProject Value="True"/>
        <CursorPos X="118" Y="27"/>
        <TopLine Value="6"/>
        <EditorIndex Value="0"/>
        <UsageCount Value="20"/>
        <Loaded Value="True"/>
      </Unit0>
      <Unit1>
        <Filename Value="..\..\..\Lazarus\lcl\lcltype.pp"/>
        <UnitName Value="LCLType"/>
        <CursorPos X="3" Y="647"/>
        <TopLine Value="629"/>
        <EditorIndex Value="1"/>
        <UsageCount Value="10"/>
        <Loaded Value="True"/>
      </Unit1>
    </Units>
    <JumpHistory Count="30" HistoryIndex="29">
      <Position1>
        <Filename Value="tga2ptx.lpr"/>
        <Caret Line="6" Column="1" TopLine="1"/>
      </Position1>
      <Position2>
        <Filename Value="tga2ptx.lpr"/>
        <Caret Line="8" Column="3" TopLine="1"/>
      </Position2>
      <Position3>
        <Filename Value="tga2ptx.lpr"/>
        <Caret Line="129" Column="28" TopLine="111"/>
      </Position3>
      <Position4>
        <Filename Value="tga2ptx.lpr"/>
        <Caret Line="5" Column="1" TopLine="1"/>
      </Position4>
      <Position5>
        <Filename Value="tga2ptx.lpr"/>
        <Caret Line="15" Column="17" TopLine="1"/>
      </Position5>
      <Position6>
        <Filename Value="tga2ptx.lpr"/>
        <Caret Line="124" Column="2" TopLine="111"/>
      </Position6>
      <Position7>
        <Filename Value="tga2ptx.lpr"/>
        <Caret Line="11" Column="15" TopLine="1"/>
      </Position7>
      <Position8>
        <Filename Value="tga2ptx.lpr"/>
        <Caret Line="14" Column="17" TopLine="1"/>
      </Position8>
      <Position9>
        <Filename Value="tga2ptx.lpr"/>
        <Caret Line="108" Column="13" TopLine="98"/>
      </Position9>
      <Position10>
        <Filename Value="tga2ptx.lpr"/>
        <Caret Line="31" Column="1" TopLine="11"/>
      </Position10>
      <Position11>
        <Filename Value="tga2ptx.lpr"/>
        <Caret Line="161" Column="13" TopLine="126"/>
      </Position11>
      <Position12>
        <Filename Value="tga2ptx.lpr"/>
        <Caret Line="139" Column="29" TopLine="127"/>
      </Position12>
      <Position13>
        <Filename Value="tga2ptx.lpr"/>
        <Caret Line="29" Column="1" TopLine="11"/>
      </Position13>
      <Position14>
        <Filename Value="tga2ptx.lpr"/>
        <Caret Line="124" Column="22" TopLine="90"/>
      </Position14>
      <Position15>
        <Filename Value="tga2ptx.lpr"/>
        <Caret Line="107" Column="14" TopLine="22"/>
      </Position15>
      <Position16>
        <Filename Value="tga2ptx.lpr"/>
        <Caret Line="100" Column="34" TopLine="89"/>
      </Position16>
      <Position17>
        <Filename Value="tga2ptx.lpr"/>
        <Caret Line="5" Column="1" TopLine="1"/>
      </Position17>
      <Position18>
        <Filename Value="tga2ptx.lpr"/>
        <Caret Line="7" Column="1" TopLine="6"/>
      </Position18>
      <Position19>
        <Filename Value="tga2ptx.lpr"/>
        <Caret Line="9" Column="1" TopLine="9"/>
      </Position19>
      <Position20>
        <Filename Value="tga2ptx.lpr"/>
        <Caret Line="47" Column="82" TopLine="43"/>
      </Position20>
      <Position21>
        <Filename Value="tga2ptx.lpr"/>
        <Caret Line="8" Column="12" TopLine="1"/>
      </Position21>
      <Position22>
        <Filename Value="tga2ptx.lpr"/>
        <Caret Line="47" Column="11" TopLine="29"/>
      </Position22>
      <Position23>
        <Filename Value="tga2ptx.lpr"/>
        <Caret Line="7" Column="3" TopLine="1"/>
      </Position23>
      <Position24>
        <Filename Value="tga2ptx.lpr"/>
        <Caret Line="138" Column="42" TopLine="120"/>
      </Position24>
      <Position25>
        <Filename Value="tga2ptx.lpr"/>
        <Caret Line="134" Column="17" TopLine="127"/>
      </Position25>
      <Position26>
        <Filename Value="tga2ptx.lpr"/>
        <Caret Line="5" Column="1" TopLine="1"/>
      </Position26>
      <Position27>
        <Filename Value="tga2ptx.lpr"/>
        <Caret Line="44" Column="3" TopLine="26"/>
      </Position27>
      <Position28>
        <Filename Value="tga2ptx.lpr"/>
        <Caret Line="136" Column="8" TopLine="125"/>
      </Position28>
      <Position29>
        <Filename Value="tga2ptx.lpr"/>
        <Caret Line="159" Column="29" TopLine="125"/>
      </Position29>
      <Position30>
        <Filename Value="tga2ptx.lpr"/>
        <Caret Line="6" Column="1" TopLine="3"/>
      </Position30>
    </JumpHistory>
  </ProjectOptions>
  <CompilerOptions>
    <Version Value="8"/>
    <PathDelim Value="\"/>
    <Other>
      <CompilerPath Value="$(CompPath)"/>
    </Other>
  </CompilerOptions>
  <Debugging>
    <Exceptions Count="3">
      <Item1>
        <Name Value="EAbort"/>
      </Item1>
      <Item2>
        <Name Value="ECodetoolError"/>
      </Item2>
      <Item3>
        <Name Value="EFOpenError"/>
      </Item3>
    </Exceptions>
  </Debugging>
</CONFIG>
